
Microsoft Visual Studio Solution File, Format Version 12.00
# Visual Studio 2013
VisualStudioVersion = 12.0.31101.0
MinimumVisualStudioVersion = 10.0.40219.1
Project("{888888A0-9F3D-457C-B088-3A5042F75D52}") = "gevent", "gevent\gevent.pyproj", "{47623525-265F-4CCC-96D8-56E33CCEEBA1}"
EndProject
Project("{9092AA53-FB77-4645-B42D-1CCCA6BD08BD}") = "nodeevent", "nodeevent\nodeevent.njsproj", "{A97420B8-187C-4788-B9CC-B47CD0283712}"
EndProject
Project("{2150E333-8FDC-42A3-9474-1A3956D46DE8}") = "Solution Items", "Solution Items", "{0BA31065-F252-4CC5-B0A8-A271210D258B}"
	ProjectSection(SolutionItems) = preProject
		main.go = main.go
	EndProjectSection
EndProject
Project("{FAE04EC0-301F-11D3-BF4B-00C04F79EFBC}") = "Async", "Async\Async.csproj", "{332BC72D-D3B1-4354-A406-94A02BDB6D17}"
EndProject
Global
	GlobalSection(SolutionConfigurationPlatforms) = preSolution
		Debug|Any CPU = Debug|Any CPU
		Release|Any CPU = Release|Any CPU
	EndGlobalSection
	GlobalSection(ProjectConfigurationPlatforms) = postSolution
		{47623525-265F-4CCC-96D8-56E33CCEEBA1}.Debug|Any CPU.ActiveCfg = Debug|Any CPU
		{47623525-265F-4CCC-96D8-56E33CCEEBA1}.Release|Any CPU.ActiveCfg = Release|Any CPU
		{A97420B8-187C-4788-B9CC-B47CD0283712}.Debug|Any CPU.ActiveCfg = Debug|Any CPU
		{A97420B8-187C-4788-B9CC-B47CD0283712}.Debug|Any CPU.Build.0 = Debug|Any CPU
		{A97420B8-187C-4788-B9CC-B47CD0283712}.Release|Any CPU.ActiveCfg = Release|Any CPU
		{A97420B8-187C-4788-B9CC-B47CD0283712}.Release|Any CPU.Build.0 = Release|Any CPU
		{332BC72D-D3B1-4354-A406-94A02BDB6D17}.Debug|Any CPU.ActiveCfg = Debug|Any CPU
		{332BC72D-D3B1-4354-A406-94A02BDB6D17}.Debug|Any CPU.Build.0 = Debug|Any CPU
		{332BC72D-D3B1-4354-A406-94A02BDB6D17}.Release|Any CPU.ActiveCfg = Release|Any CPU
		{332BC72D-D3B1-4354-A406-94A02BDB6D17}.Release|Any CPU.Build.0 = Release|Any CPU
	EndGlobalSection
	GlobalSection(SolutionProperties) = preSolution
		HideSolutionNode = FALSE
	EndGlobalSection
EndGlobal
